
Microsoft Visual Studio Solution File, Format Version 12.00
# Visual Studio Version 16
VisualStudioVersion = 16.0.31729.503
MinimumVisualStudioVersion = 10.0.40219.1
Project("{2150E333-8FDC-42A3-9474-1A3956D46DE8}") = "Solution Items", "Solution Items", "{FE3F5B6E-2D64-4BFF-B0A2-9BF911BAA907}"
	ProjectSection(SolutionItems) = preProject
		.editorconfig = .editorconfig
	EndProjectSection
EndProject
Project("{9A19103F-16F7-4668-BE54-9A1E7A4F7556}") = "YoutubeCutter", "YoutubeCutter\YoutubeCutter.csproj", "{CA27950F-4F21-41A6-8E57-2027620F591A}"
EndProject
Project("{9A19103F-16F7-4668-BE54-9A1E7A4F7556}") = "YoutubeCutter.Core", "YoutubeCutter.Core\YoutubeCutter.Core.csproj", "{D148985A-2CA6-482B-96A4-3EEE375535B4}"
EndProject
Global
	GlobalSection(SolutionConfigurationPlatforms) = preSolution
		Debug|Any CPU = Debug|Any CPU
		Release|Any CPU = Release|Any CPU
	EndGlobalSection
	GlobalSection(ProjectConfigurationPlatforms) = postSolution
		{CA27950F-4F21-41A6-8E57-2027620F591A}.Debug|Any CPU.ActiveCfg = Debug|Any CPU
		{CA27950F-4F21-41A6-8E57-2027620F591A}.Debug|Any CPU.Build.0 = Debug|Any CPU
		{CA27950F-4F21-41A6-8E57-2027620F591A}.Release|Any CPU.ActiveCfg = Release|Any CPU
		{CA27950F-4F21-41A6-8E57-2027620F591A}.Release|Any CPU.Build.0 = Release|Any CPU
		{D148985A-2CA6-482B-96A4-3EEE375535B4}.Debug|Any CPU.ActiveCfg = Debug|Any CPU
		{D148985A-2CA6-482B-96A4-3EEE375535B4}.Debug|Any CPU.Build.0 = Debug|Any CPU
		{D148985A-2CA6-482B-96A4-3EEE375535B4}.Release|Any CPU.ActiveCfg = Release|Any CPU
		{D148985A-2CA6-482B-96A4-3EEE375535B4}.Release|Any CPU.Build.0 = Release|Any CPU
	EndGlobalSection
	GlobalSection(SolutionProperties) = preSolution
		HideSolutionNode = FALSE
	EndGlobalSection
	GlobalSection(ExtensibilityGlobals) = postSolution
		SolutionGuid = {D6ABAEA0-3646-4A73-81C2-7DB03D8268F2}
	EndGlobalSection
EndGlobal
